
Microsoft Visual Studio Solution File, Format Version 12.00
# Visual Studio Version 17
VisualStudioVersion = 17.2.32616.157
MinimumVisualStudioVersion = 10.0.40219.1
Project("{9A19103F-16F7-4668-BE54-9A1E7A4F7556}") = "Firma.PortalWWW", "Firma.PortalWWW\Firma.PortalWWW.csproj", "{5C4F859B-8373-449D-8544-2BB9D4848032}"
EndProject
Project("{9A19103F-16F7-4668-BE54-9A1E7A4F7556}") = "Firma.Intranet", "Firma.Intranet\Firma.Intranet.csproj", "{EDC8EDAC-ED34-44A6-B18D-50A16DFB9EDF}"
EndProject
Project("{FAE04EC0-301F-11D3-BF4B-00C04F79EFBC}") = "Firma.Data", "Firma.Data\Firma.Data.csproj", "{BA811A90-5F88-4B7E-A90E-F4795D21A63F}"
EndProject
Project("{2150E333-8FDC-42A3-9474-1A3956D46DE8}") = "Solution Items", "Solution Items", "{82D9CF33-89BC-43A1-A44B-951B2E6BAA26}"
	ProjectSection(SolutionItems) = preProject
		.editorconfig = .editorconfig
	EndProjectSection
EndProject
Global
	GlobalSection(SolutionConfigurationPlatforms) = preSolution
		Debug|Any CPU = Debug|Any CPU
		Release|Any CPU = Release|Any CPU
	EndGlobalSection
	GlobalSection(ProjectConfigurationPlatforms) = postSolution
		{5C4F859B-8373-449D-8544-2BB9D4848032}.Debug|Any CPU.ActiveCfg = Debug|Any CPU
		{5C4F859B-8373-449D-8544-2BB9D4848032}.Debug|Any CPU.Build.0 = Debug|Any CPU
		{5C4F859B-8373-449D-8544-2BB9D4848032}.Release|Any CPU.ActiveCfg = Release|Any CPU
		{5C4F859B-8373-449D-8544-2BB9D4848032}.Release|Any CPU.Build.0 = Release|Any CPU
		{EDC8EDAC-ED34-44A6-B18D-50A16DFB9EDF}.Debug|Any CPU.ActiveCfg = Debug|Any CPU
		{EDC8EDAC-ED34-44A6-B18D-50A16DFB9EDF}.Debug|Any CPU.Build.0 = Debug|Any CPU
		{EDC8EDAC-ED34-44A6-B18D-50A16DFB9EDF}.Release|Any CPU.ActiveCfg = Release|Any CPU
		{EDC8EDAC-ED34-44A6-B18D-50A16DFB9EDF}.Release|Any CPU.Build.0 = Release|Any CPU
		{BA811A90-5F88-4B7E-A90E-F4795D21A63F}.Debug|Any CPU.ActiveCfg = Debug|Any CPU
		{BA811A90-5F88-4B7E-A90E-F4795D21A63F}.Debug|Any CPU.Build.0 = Debug|Any CPU
		{BA811A90-5F88-4B7E-A90E-F4795D21A63F}.Release|Any CPU.ActiveCfg = Release|Any CPU
		{BA811A90-5F88-4B7E-A90E-F4795D21A63F}.Release|Any CPU.Build.0 = Release|Any CPU
	EndGlobalSection
	GlobalSection(SolutionProperties) = preSolution
		HideSolutionNode = FALSE
	EndGlobalSection
	GlobalSection(ExtensibilityGlobals) = postSolution
		SolutionGuid = {788B0E8E-3738-42C1-8AA4-9C85C383FDAD}
	EndGlobalSection
EndGlobal
