
Microsoft Visual Studio Solution File, Format Version 12.00
# Visual Studio Version 17
VisualStudioVersion = 17.2.32616.157
MinimumVisualStudioVersion = 10.0.40219.1
Project("{9A19103F-16F7-4668-BE54-9A1E7A4F7556}") = "WebApplication1", "WebApplication1\WebApplication1.csproj", "{C500AA66-0646-458E-BB53-AF44076CDBF3}"
EndProject
Project("{9A19103F-16F7-4668-BE54-9A1E7A4F7556}") = "WebApplication2", "WebApplication2\WebApplication2.csproj", "{91D5B9EE-31BA-463D-B417-CA051CF66A91}"
EndProject
Project("{FAE04EC0-301F-11D3-BF4B-00C04F79EFBC}") = "WebApplication3", "WebApplication3\WebApplication3.csproj", "{4802D12E-FCC0-413F-8D1A-F39446987039}"
EndProject
Global
	GlobalSection(SolutionConfigurationPlatforms) = preSolution
		Debug|Any CPU = Debug|Any CPU
		Release|Any CPU = Release|Any CPU
	EndGlobalSection
	GlobalSection(ProjectConfigurationPlatforms) = postSolution
		{C500AA66-0646-458E-BB53-AF44076CDBF3}.Debug|Any CPU.ActiveCfg = Debug|Any CPU
		{C500AA66-0646-458E-BB53-AF44076CDBF3}.Debug|Any CPU.Build.0 = Debug|Any CPU
		{C500AA66-0646-458E-BB53-AF44076CDBF3}.Release|Any CPU.ActiveCfg = Release|Any CPU
		{C500AA66-0646-458E-BB53-AF44076CDBF3}.Release|Any CPU.Build.0 = Release|Any CPU
		{91D5B9EE-31BA-463D-B417-CA051CF66A91}.Debug|Any CPU.ActiveCfg = Debug|Any CPU
		{91D5B9EE-31BA-463D-B417-CA051CF66A91}.Debug|Any CPU.Build.0 = Debug|Any CPU
		{91D5B9EE-31BA-463D-B417-CA051CF66A91}.Release|Any CPU.ActiveCfg = Release|Any CPU
		{91D5B9EE-31BA-463D-B417-CA051CF66A91}.Release|Any CPU.Build.0 = Release|Any CPU
		{4802D12E-FCC0-413F-8D1A-F39446987039}.Debug|Any CPU.ActiveCfg = Debug|Any CPU
		{4802D12E-FCC0-413F-8D1A-F39446987039}.Debug|Any CPU.Build.0 = Debug|Any CPU
		{4802D12E-FCC0-413F-8D1A-F39446987039}.Release|Any CPU.ActiveCfg = Release|Any CPU
		{4802D12E-FCC0-413F-8D1A-F39446987039}.Release|Any CPU.Build.0 = Release|Any CPU
	EndGlobalSection
	GlobalSection(SolutionProperties) = preSolution
		HideSolutionNode = FALSE
	EndGlobalSection
	GlobalSection(ExtensibilityGlobals) = postSolution
		SolutionGuid = {788B0E8E-3738-42C1-8AA4-9C85C383FDAD}
	EndGlobalSection
EndGlobal
